
Microsoft Visual Studio Solution File, Format Version 12.00
# Visual Studio Version 17
VisualStudioVersion = 17.7.34024.191
MinimumVisualStudioVersion = 10.0.40219.1
Project("{FAE04EC0-301F-11D3-BF4B-00C04F79EFBC}") = "test5", "test5\test5.csproj", "{93A0817A-DC20-4839-84FE-F88422F763A5}"
EndProject
Global
	GlobalSection(SolutionConfigurationPlatforms) = preSolution
		Debug|Any CPU = Debug|Any CPU
		Release|Any CPU = Release|Any CPU
	EndGlobalSection
	GlobalSection(ProjectConfigurationPlatforms) = postSolution
		{93A0817A-DC20-4839-84FE-F88422F763A5}.Debug|Any CPU.ActiveCfg = Debug|Any CPU
		{93A0817A-DC20-4839-84FE-F88422F763A5}.Debug|Any CPU.Build.0 = Debug|Any CPU
		{93A0817A-DC20-4839-84FE-F88422F763A5}.Release|Any CPU.ActiveCfg = Release|Any CPU
		{93A0817A-DC20-4839-84FE-F88422F763A5}.Release|Any CPU.Build.0 = Release|Any CPU
	EndGlobalSection
	GlobalSection(SolutionProperties) = preSolution
		HideSolutionNode = FALSE
	EndGlobalSection
	GlobalSection(ExtensibilityGlobals) = postSolution
		SolutionGuid = {88ED0151-C7BF-4A32-88D1-BCE7EF9917F5}
	EndGlobalSection
EndGlobal
